[[package]]
category = "dev"
description = "A small Python module for determining appropriate platform-specific dirs, e.g. a \"user data dir\"."
name = "appdirs"
optional = false
python-versions = "*"
version = "1.4.3"

[[package]]
category = "dev"
description = "Atomic file writes."
marker = "sys_platform == \"win32\""
name = "atomicwrites"
optional = false
python-versions = ">=2.7, !=3.0.*, !=3.1.*, !=3.2.*, !=3.3.*"
version = "1.3.0"

[[package]]
category = "dev"
description = "Classes Without Boilerplate"
name = "attrs"
optional = false
python-versions = ">=2.7, !=3.0.*, !=3.1.*, !=3.2.*, !=3.3.*"
version = "19.3.0"

[package.extras]
azure-pipelines = ["coverage", "hypothesis", "pympler", "pytest (>=4.3.0)", "six", "zope.interface", "pytest-azurepipelines"]
dev = ["coverage", "hypothesis", "pympler", "pytest (>=4.3.0)", "six", "zope.interface", "sphinx", "pre-commit"]
docs = ["sphinx", "zope.interface"]
tests = ["coverage", "hypothesis", "pympler", "pytest (>=4.3.0)", "six", "zope.interface"]

[[package]]
category = "dev"
description = "The uncompromising code formatter."
name = "black"
optional = false
python-versions = ">=3.6"
version = "19.10b0"

[package.dependencies]
appdirs = "*"
attrs = ">=18.1.0"
click = ">=6.5"
pathspec = ">=0.6,<1"
regex = "*"
toml = ">=0.9.4"
typed-ast = ">=1.4.0"

[package.extras]
d = ["aiohttp (>=3.3.2)", "aiohttp-cors"]

[[package]]
category = "dev"
description = "An easy safelist-based HTML-sanitizing tool."
name = "bleach"
optional = false
python-versions = ">=2.7, !=3.0.*, !=3.1.*, !=3.2.*, !=3.3.*, !=3.4.*"
version = "3.1.4"

[package.dependencies]
six = ">=1.9.0"
webencodings = "*"

[[package]]
category = "dev"
description = "Python package for providing Mozilla's CA Bundle."
name = "certifi"
optional = false
python-versions = "*"
version = "2020.4.5.1"

[[package]]
category = "dev"
description = "Foreign Function Interface for Python calling C code."
marker = "sys_platform == \"linux\""
name = "cffi"
optional = false
python-versions = "*"
version = "1.14.0"

[package.dependencies]
pycparser = "*"

[[package]]
category = "dev"
description = "Universal encoding detector for Python 2 and 3"
name = "chardet"
optional = false
python-versions = "*"
version = "3.0.4"

[[package]]
category = "dev"
description = "Composable command line interface toolkit"
name = "click"
optional = false
python-versions = ">=2.7, !=3.0.*, !=3.1.*, !=3.2.*, !=3.3.*, !=3.4.*"
version = "7.1.1"

[[package]]
category = "dev"
description = "Cross-platform colored terminal text."
marker = "platform_system == \"Windows\" or sys_platform == \"win32\""
name = "colorama"
optional = false
python-versions = ">=2.7, !=3.0.*, !=3.1.*, !=3.2.*, !=3.3.*, !=3.4.*"
version = "0.4.3"

[[package]]
category = "dev"
description = "cryptography is a package which provides cryptographic recipes and primitives to Python developers."
marker = "sys_platform == \"linux\""
name = "cryptography"
optional = false
python-versions = ">=2.7,!=3.0.*,!=3.1.*,!=3.2.*,!=3.3.*,!=3.4.*"
version = "2.9"

[package.dependencies]
cffi = ">=1.8,<1.11.3 || >1.11.3"
six = ">=1.4.1"

[package.extras]
docs = ["sphinx (>=1.6.5,<1.8.0 || >1.8.0)", "sphinx-rtd-theme"]
docstest = ["doc8", "pyenchant (>=1.6.11)", "twine (>=1.12.0)", "sphinxcontrib-spelling (>=4.0.1)"]
idna = ["idna (>=2.1)"]
pep8test = ["flake8", "flake8-import-order", "pep8-naming"]
test = ["pytest (>=3.6.0,<3.9.0 || >3.9.0,<3.9.1 || >3.9.1,<3.9.2 || >3.9.2)", "pretend", "iso8601", "pytz", "hypothesis (>=1.11.4,<3.79.2 || >3.79.2)"]

[[package]]
category = "dev"
description = "Distribution utilities"
name = "distlib"
optional = false
python-versions = "*"
version = "0.3.0"

[[package]]
category = "dev"
description = "Docutils -- Python Documentation Utilities"
name = "docutils"
optional = false
python-versions = ">=2.7, !=3.0.*, !=3.1.*, !=3.2.*, !=3.3.*, !=3.4.*"
version = "0.16"

[[package]]
category = "dev"
description = "A platform independent file lock."
name = "filelock"
optional = false
python-versions = "*"
version = "3.0.12"

[[package]]
category = "dev"
description = "Internationalized Domain Names in Applications (IDNA)"
name = "idna"
optional = false
python-versions = ">=2.7, !=3.0.*, !=3.1.*, !=3.2.*, !=3.3.*"
version = "2.9"

[[package]]
category = "dev"
description = "Low-level, pure Python DBus protocol wrapper."
marker = "sys_platform == \"linux\""
name = "jeepney"
optional = false
python-versions = ">=3.5"
version = "0.4.3"

[package.extras]
dev = ["testpath"]

[[package]]
category = "dev"
description = "Store and access your passwords safely."
name = "keyring"
optional = false
python-versions = ">=3.6"
version = "21.2.0"

[package.dependencies]
SecretStorage = ">=3"
jeepney = ">=0.4.2"
pywin32-ctypes = "<0.1.0 || >0.1.0,<0.1.1 || >0.1.1"

[package.extras]
docs = ["sphinx", "jaraco.packaging (>=3.2)", "rst.linker (>=1.9)"]
testing = ["pytest (>=3.5,<3.7.3 || >3.7.3)", "pytest-checkdocs (>=1.2.3)", "pytest-flake8", "pytest-black-multipy", "pytest-cov"]

[[package]]
category = "dev"
description = "More routines for operating on iterables, beyond itertools"
name = "more-itertools"
optional = false
python-versions = ">=3.5"
version = "8.2.0"

[[package]]
category = "dev"
description = "Core utilities for Python packages"
name = "packaging"
optional = false
python-versions = ">=2.7, !=3.0.*, !=3.1.*, !=3.2.*, !=3.3.*"
version = "20.3"

[package.dependencies]
pyparsing = ">=2.0.2"
six = "*"

[[package]]
category = "dev"
description = "Utility library for gitignore style pattern matching of file paths."
name = "pathspec"
optional = false
python-versions = ">=2.7, !=3.0.*, !=3.1.*, !=3.2.*, !=3.3.*, !=3.4.*"
version = "0.8.0"

[[package]]
category = "dev"
description = "Query metadatdata from sdists / bdists / installed packages."
name = "pkginfo"
optional = false
python-versions = "*"
version = "1.5.0.1"

[package.extras]
testing = ["nose", "coverage"]

[[package]]
category = "dev"
description = "plugin and hook calling mechanisms for python"
name = "pluggy"
optional = false
python-versions = ">=2.7, !=3.0.*, !=3.1.*, !=3.2.*, !=3.3.*"
version = "0.13.1"

[package.extras]
dev = ["pre-commit", "tox"]

[[package]]
category = "dev"
description = "library with cross-python path, ini-parsing, io, code, log facilities"
name = "py"
optional = false
python-versions = ">=2.7, !=3.0.*, !=3.1.*, !=3.2.*, !=3.3.*"
version = "1.8.1"

[[package]]
category = "dev"
description = "C parser in Python"
marker = "sys_platform == \"linux\""
name = "pycparser"
optional = false
python-versions = ">=2.7, !=3.0.*, !=3.1.*, !=3.2.*, !=3.3.*"
version = "2.20"

[[package]]
category = "main"
description = "Pygments is a syntax highlighting package written in Python."
name = "pygments"
optional = false
python-versions = ">=3.5"
version = "2.6.1"

[[package]]
category = "dev"
description = "Python parsing module"
name = "pyparsing"
optional = false
python-versions = ">=2.6, !=3.0.*, !=3.1.*, !=3.2.*"
version = "2.4.7"

[[package]]
category = "dev"
description = "pytest: simple powerful testing with Python"
name = "pytest"
optional = false
python-versions = ">=3.5"
version = "5.4.1"

[package.dependencies]
atomicwrites = ">=1.0"
attrs = ">=17.4.0"
colorama = "*"
more-itertools = ">=4.0.0"
packaging = "*"
pluggy = ">=0.12,<1.0"
py = ">=1.5.0"
wcwidth = "*"

[package.extras]
checkqa-mypy = ["mypy (v0.761)"]
testing = ["argcomplete", "hypothesis (>=3.56)", "mock", "nose", "requests", "xmlschema"]

[[package]]
category = "dev"
description = ""
marker = "sys_platform == \"win32\""
name = "pywin32-ctypes"
optional = false
python-versions = "*"
version = "0.2.0"

[[package]]
category = "dev"
description = "readme_renderer is a library for rendering \"readme\" descriptions for Warehouse"
name = "readme-renderer"
optional = false
python-versions = "*"
version = "25.0"

[package.dependencies]
Pygments = ">=2.5.1"
bleach = ">=2.1.0"
docutils = ">=0.13.1"
six = "*"

[package.extras]
md = ["cmarkgfm (>=0.2.0)"]

[[package]]
category = "dev"
description = "Alternative regular expression module, to replace re."
name = "regex"
optional = false
python-versions = "*"
version = "2020.4.4"

[[package]]
category = "dev"
description = "Python HTTP for Humans."
name = "requests"
optional = false
python-versions = ">=2.7, !=3.0.*, !=3.1.*, !=3.2.*, !=3.3.*, !=3.4.*"
version = "2.23.0"

[package.dependencies]
certifi = ">=2017.4.17"
chardet = ">=3.0.2,<4"
idna = ">=2.5,<3"
urllib3 = ">=1.21.1,<1.25.0 || >1.25.0,<1.25.1 || >1.25.1,<1.26"

[package.extras]
security = ["pyOpenSSL (>=0.14)", "cryptography (>=1.3.4)"]
socks = ["PySocks (>=1.5.6,<1.5.7 || >1.5.7)", "win-inet-pton"]

[[package]]
category = "dev"
description = "A utility belt for advanced users of python-requests"
name = "requests-toolbelt"
optional = false
python-versions = "*"
version = "0.9.1"

[package.dependencies]
requests = ">=2.0.1,<3.0.0"

[[package]]
category = "dev"
description = "Python bindings to FreeDesktop.org Secret Service API"
marker = "sys_platform == \"linux\""
name = "secretstorage"
optional = false
python-versions = ">=3.5"
version = "3.1.2"

[package.dependencies]
cryptography = "*"
jeepney = ">=0.4.2"

[[package]]
category = "main"
description = "Simple, fast, extensible JSON encoder/decoder for Python"
name = "simplejson"
optional = false
python-versions = ">=2.5, !=3.0.*, !=3.1.*, !=3.2.*"
version = "3.17.0"

[[package]]
category = "dev"
description = "Python 2 and 3 compatibility utilities"
name = "six"
optional = false
python-versions = ">=2.7, !=3.0.*, !=3.1.*, !=3.2.*"
version = "1.14.0"

[[package]]
category = "dev"
description = "Python Library for Tom's Obvious, Minimal Language"
name = "toml"
optional = false
python-versions = "*"
version = "0.10.0"

[[package]]
category = "dev"
description = "tox is a generic virtualenv management and test command line tool"
name = "tox"
optional = false
python-versions = "!=3.0.*,!=3.1.*,!=3.2.*,!=3.3.*,!=3.4.*,>=2.7"
version = "3.14.6"

[package.dependencies]
colorama = ">=0.4.1"
filelock = ">=3.0.0,<4"
packaging = ">=14"
pluggy = ">=0.12.0,<1"
py = ">=1.4.17,<2"
six = ">=1.14.0,<2"
toml = ">=0.9.4"
virtualenv = ">=16.0.0,<20.0.0 || >20.0.0,<20.0.1 || >20.0.1,<20.0.2 || >20.0.2,<20.0.3 || >20.0.3,<20.0.4 || >20.0.4,<20.0.5 || >20.0.5,<20.0.6 || >20.0.6,<20.0.7 || >20.0.7"

[package.extras]
docs = ["sphinx (>=2.0.0,<3)", "towncrier (>=18.5.0)", "pygments-github-lexers (>=0.0.5)", "sphinxcontrib-autoprogram (>=0.1.5)"]
testing = ["freezegun (>=0.3.11,<1)", "pathlib2 (>=2.3.3,<3)", "pytest (>=4.0.0,<6)", "pytest-cov (>=2.5.1,<3)", "pytest-mock (>=1.10.0,<2)", "pytest-xdist (>=1.22.2,<2)", "pytest-randomly (>=1.0.0,<4)", "flaky (>=3.4.0,<4)", "psutil (>=5.6.1,<6)"]

[[package]]
category = "dev"
description = "tox plugin that makes tox use `pyenv which` to find python executables"
name = "tox-pyenv"
optional = false
python-versions = "*"
version = "1.1.0"

[package.dependencies]
tox = ">=2.0"

[[package]]
category = "dev"
description = "Fast, Extensible Progress Meter"
name = "tqdm"
optional = false
python-versions = ">=2.6, !=3.0.*, !=3.1.*"
version = "4.45.0"

[package.extras]
dev = ["py-make (>=0.1.0)", "twine", "argopt", "pydoc-markdown"]

[[package]]
category = "dev"
description = "Collection of utilities for publishing packages on PyPI"
name = "twine"
optional = false
python-versions = ">=3.6"
version = "3.1.1"

[package.dependencies]
keyring = ">=15.1"
pkginfo = ">=1.4.2"
readme-renderer = ">=21.0"
requests = ">=2.20"
requests-toolbelt = ">=0.8.0,<0.9.0 || >0.9.0"
setuptools = ">=0.7.0"
tqdm = ">=4.14"

[[package]]
category = "dev"
description = "a fork of Python 2 and 3 ast modules with type comment support"
name = "typed-ast"
optional = false
python-versions = "*"
version = "1.4.1"

[[package]]
category = "dev"
description = "HTTP library with thread-safe connection pooling, file post, and more."
name = "urllib3"
optional = false
python-versions = ">=2.7, !=3.0.*, !=3.1.*, !=3.2.*, !=3.3.*, !=3.4.*, <4"
version = "1.25.9"

[package.extras]
brotli = ["brotlipy (>=0.6.0)"]
secure = ["certifi", "cryptography (>=1.3.4)", "idna (>=2.0.0)", "pyOpenSSL (>=0.14)", "ipaddress"]
socks = ["PySocks (>=1.5.6,<1.5.7 || >1.5.7,<2.0)"]

[[package]]
category = "dev"
description = "Virtual Python Environment builder"
name = "virtualenv"
optional = false
python-versions = "!=3.0.*,!=3.1.*,!=3.2.*,!=3.3.*,>=2.7"
version = "20.0.18"

[package.dependencies]
appdirs = ">=1.4.3,<2"
distlib = ">=0.3.0,<1"
filelock = ">=3.0.0,<4"
six = ">=1.9.0,<2"

[package.extras]
docs = ["sphinx (>=2.0.0,<3)", "sphinx-argparse (>=0.2.5,<1)", "sphinx-rtd-theme (>=0.4.3,<1)", "towncrier (>=19.9.0rc1)", "proselint (>=0.10.2,<1)"]
testing = ["pytest (>=4.0.0,<6)", "coverage (>=4.5.1,<6)", "pytest-mock (>=2.0.0,<3)", "pytest-env (>=0.6.2,<1)", "pytest-timeout (>=1.3.4,<2)", "packaging (>=20.0)", "xonsh (>=0.9.16,<1)"]

[[package]]
category = "dev"
description = "Measures number of Terminal column cells of wide-character codes"
name = "wcwidth"
optional = false
python-versions = "*"
version = "0.1.9"

[[package]]
category = "dev"
description = "Character encoding aliases for legacy web content"
name = "webencodings"
optional = false
python-versions = "*"
version = "0.5.1"

[metadata]
content-hash = "5a6ff91149bdd5ae23ccee72986e4541caff32220b9abf4ed24c004751888317"
python-versions = "^3.8"

[metadata.files]
appdirs = [
    {file = "appdirs-1.4.3-py2.py3-none-any.whl", hash = "sha256:d8b24664561d0d34ddfaec54636d502d7cea6e29c3eaf68f3df6180863e2166e"},
    {file = "appdirs-1.4.3.tar.gz", hash = "sha256:9e5896d1372858f8dd3344faf4e5014d21849c756c8d5701f78f8a103b372d92"},
]
atomicwrites = [
    {file = "atomicwrites-1.3.0-py2.py3-none-any.whl", hash = "sha256:03472c30eb2c5d1ba9227e4c2ca66ab8287fbfbbda3888aa93dc2e28fc6811b4"},
    {file = "atomicwrites-1.3.0.tar.gz", hash = "sha256:75a9445bac02d8d058d5e1fe689654ba5a6556a1dfd8ce6ec55a0ed79866cfa6"},
]
attrs = [
    {file = "attrs-19.3.0-py2.py3-none-any.whl", hash = "sha256:08a96c641c3a74e44eb59afb61a24f2cb9f4d7188748e76ba4bb5edfa3cb7d1c"},
    {file = "attrs-19.3.0.tar.gz", hash = "sha256:f7b7ce16570fe9965acd6d30101a28f62fb4a7f9e926b3bbc9b61f8b04247e72"},
]
black = [
    {file = "black-19.10b0-py36-none-any.whl", hash = "sha256:1b30e59be925fafc1ee4565e5e08abef6b03fe455102883820fe5ee2e4734e0b"},
    {file = "black-19.10b0.tar.gz", hash = "sha256:c2edb73a08e9e0e6f65a0e6af18b059b8b1cdd5bef997d7a0b181df93dc81539"},
]
bleach = [
    {file = "bleach-3.1.4-py2.py3-none-any.whl", hash = "sha256:cc8da25076a1fe56c3ac63671e2194458e0c4d9c7becfd52ca251650d517903c"},
    {file = "bleach-3.1.4.tar.gz", hash = "sha256:e78e426105ac07026ba098f04de8abe9b6e3e98b5befbf89b51a5ef0a4292b03"},
]
certifi = [
    {file = "certifi-2020.4.5.1-py2.py3-none-any.whl", hash = "sha256:1d987a998c75633c40847cc966fcf5904906c920a7f17ef374f5aa4282abd304"},
    {file = "certifi-2020.4.5.1.tar.gz", hash = "sha256:51fcb31174be6e6664c5f69e3e1691a2d72a1a12e90f872cbdb1567eb47b6519"},
]
cffi = [
    {file = "cffi-1.14.0-cp27-cp27m-macosx_10_9_x86_64.whl", hash = "sha256:1cae98a7054b5c9391eb3249b86e0e99ab1e02bb0cc0575da191aedadbdf4384"},
    {file = "cffi-1.14.0-cp27-cp27m-manylinux1_i686.whl", hash = "sha256:cf16e3cf6c0a5fdd9bc10c21687e19d29ad1fe863372b5543deaec1039581a30"},
    {file = "cffi-1.14.0-cp27-cp27m-manylinux1_x86_64.whl", hash = "sha256:f2b0fa0c01d8a0c7483afd9f31d7ecf2d71760ca24499c8697aeb5ca37dc090c"},
    {file = "cffi-1.14.0-cp27-cp27m-win32.whl", hash = "sha256:99f748a7e71ff382613b4e1acc0ac83bf7ad167fb3802e35e90d9763daba4d78"},
    {file = "cffi-1.14.0-cp27-cp27m-win_amd64.whl", hash = "sha256:c420917b188a5582a56d8b93bdd8e0f6eca08c84ff623a4c16e809152cd35793"},
    {file = "cffi-1.14.0-cp27-cp27mu-manylinux1_i686.whl", hash = "sha256:399aed636c7d3749bbed55bc907c3288cb43c65c4389964ad5ff849b6370603e"},
    {file = "cffi-1.14.0-cp27-cp27mu-manylinux1_x86_64.whl", hash = "sha256:cab50b8c2250b46fe738c77dbd25ce017d5e6fb35d3407606e7a4180656a5a6a"},
    {file = "cffi-1.14.0-cp35-cp35m-macosx_10_9_x86_64.whl", hash = "sha256:001bf3242a1bb04d985d63e138230802c6c8d4db3668fb545fb5005ddf5bb5ff"},
    {file = "cffi-1.14.0-cp35-cp35m-manylinux1_i686.whl", hash = "sha256:e56c744aa6ff427a607763346e4170629caf7e48ead6921745986db3692f987f"},
    {file = "cffi-1.14.0-cp35-cp35m-manylinux1_x86_64.whl", hash = "sha256:b8c78301cefcf5fd914aad35d3c04c2b21ce8629b5e4f4e45ae6812e461910fa"},
    {file = "cffi-1.14.0-cp35-cp35m-win32.whl", hash = "sha256:8c0ffc886aea5df6a1762d0019e9cb05f825d0eec1f520c51be9d198701daee5"},
    {file = "cffi-1.14.0-cp35-cp35m-win_amd64.whl", hash = "sha256:8a6c688fefb4e1cd56feb6c511984a6c4f7ec7d2a1ff31a10254f3c817054ae4"},
    {file = "cffi-1.14.0-cp36-cp36m-macosx_10_9_x86_64.whl", hash = "sha256:95cd16d3dee553f882540c1ffe331d085c9e629499ceadfbda4d4fde635f4b7d"},
    {file = "cffi-1.14.0-cp36-cp36m-manylinux1_i686.whl", hash = "sha256:66e41db66b47d0d8672d8ed2708ba91b2f2524ece3dee48b5dfb36be8c2f21dc"},
    {file = "cffi-1.14.0-cp36-cp36m-manylinux1_x86_64.whl", hash = "sha256:028a579fc9aed3af38f4892bdcc7390508adabc30c6af4a6e4f611b0c680e6ac"},
    {file = "cffi-1.14.0-cp36-cp36m-win32.whl", hash = "sha256:cef128cb4d5e0b3493f058f10ce32365972c554572ff821e175dbc6f8ff6924f"},
    {file = "cffi-1.14.0-cp36-cp36m-win_amd64.whl", hash = "sha256:337d448e5a725bba2d8293c48d9353fc68d0e9e4088d62a9571def317797522b"},
    {file = "cffi-1.14.0-cp37-cp37m-macosx_10_9_x86_64.whl", hash = "sha256:e577934fc5f8779c554639376beeaa5657d54349096ef24abe8c74c5d9c117c3"},
    {file = "cffi-1.14.0-cp37-cp37m-manylinux1_i686.whl", hash = "sha256:62ae9af2d069ea2698bf536dcfe1e4eed9090211dbaafeeedf5cb6c41b352f66"},
    {file = "cffi-1.14.0-cp37-cp37m-manylinux1_x86_64.whl", hash = "sha256:14491a910663bf9f13ddf2bc8f60562d6bc5315c1f09c704937ef17293fb85b0"},
    {file = "cffi-1.14.0-cp37-cp37m-win32.whl", hash = "sha256:c43866529f2f06fe0edc6246eb4faa34f03fe88b64a0a9a942561c8e22f4b71f"},
    {file = "cffi-1.14.0-cp37-cp37m-win_amd64.whl", hash = "sha256:2089ed025da3919d2e75a4d963d008330c96751127dd6f73c8dc0c65041b4c26"},
    {file = "cffi-1.14.0-cp38-cp38-macosx_10_9_x86_64.whl", hash = "sha256:3b911c2dbd4f423b4c4fcca138cadde747abdb20d196c4a48708b8a2d32b16dd"},
    {file = "cffi-1.14.0-cp38-cp38-manylinux1_i686.whl", hash = "sha256:7e63cbcf2429a8dbfe48dcc2322d5f2220b77b2e17b7ba023d6166d84655da55"},
    {file = "cffi-1.14.0-cp38-cp38-manylinux1_x86_64.whl", hash = "sha256:3d311bcc4a41408cf5854f06ef2c5cab88f9fded37a3b95936c9879c1640d4c2"},
    {file = "cffi-1.14.0-cp38-cp38-win32.whl", hash = "sha256:675686925a9fb403edba0114db74e741d8181683dcf216be697d208857e04ca8"},
    {file = "cffi-1.14.0-cp38-cp38-win_amd64.whl", hash = "sha256:00789914be39dffba161cfc5be31b55775de5ba2235fe49aa28c148236c4e06b"},
    {file = "cffi-1.14.0.tar.gz", hash = "sha256:2d384f4a127a15ba701207f7639d94106693b6cd64173d6c8988e2c25f3ac2b6"},
]
chardet = [
    {file = "chardet-3.0.4-py2.py3-none-any.whl", hash = "sha256:fc323ffcaeaed0e0a02bf4d117757b98aed530d9ed4531e3e15460124c106691"},
    {file = "chardet-3.0.4.tar.gz", hash = "sha256:84ab92ed1c4d4f16916e05906b6b75a6c0fb5db821cc65e70cbd64a3e2a5eaae"},
]
click = [
    {file = "click-7.1.1-py2.py3-none-any.whl", hash = "sha256:e345d143d80bf5ee7534056164e5e112ea5e22716bbb1ce727941f4c8b471b9a"},
    {file = "click-7.1.1.tar.gz", hash = "sha256:8a18b4ea89d8820c5d0c7da8a64b2c324b4dabb695804dbfea19b9be9d88c0cc"},
]
colorama = [
    {file = "colorama-0.4.3-py2.py3-none-any.whl", hash = "sha256:7d73d2a99753107a36ac6b455ee49046802e59d9d076ef8e47b61499fa29afff"},
    {file = "colorama-0.4.3.tar.gz", hash = "sha256:e96da0d330793e2cb9485e9ddfd918d456036c7149416295932478192f4436a1"},
]
cryptography = [
    {file = "cryptography-2.9-cp27-cp27m-macosx_10_9_intel.whl", hash = "sha256:ef9a55013676907df6c9d7dd943eb1770d014f68beaa7e73250fb43c759f4585"},
    {file = "cryptography-2.9-cp27-cp27m-manylinux1_x86_64.whl", hash = "sha256:2a2ad24d43398d89f92209289f15265107928f22a8d10385f70def7a698d6a02"},
    {file = "cryptography-2.9-cp27-cp27m-manylinux2010_x86_64.whl", hash = "sha256:95e1296e0157361fe2f5f0ed307fd31f94b0ca13372e3673fa95095a627636a1"},
    {file = "cryptography-2.9-cp27-cp27m-win32.whl", hash = "sha256:192ca04a36852a994ef21df13cca4d822adbbdc9d5009c0f96f1d2929e375d4f"},
    {file = "cryptography-2.9-cp27-cp27m-win_amd64.whl", hash = "sha256:ed1d0760c7e46436ec90834d6f10477ff09475c692ed1695329d324b2c5cd547"},
    {file = "cryptography-2.9-cp27-cp27mu-manylinux1_x86_64.whl", hash = "sha256:19ae795137682a9778892fb4390c07811828b173741bce91e30f899424b3934d"},
    {file = "cryptography-2.9-cp27-cp27mu-manylinux2010_x86_64.whl", hash = "sha256:d1bf5a1a0d60c7f9a78e448adcb99aa101f3f9588b16708044638881be15d6bc"},
    {file = "cryptography-2.9-cp35-abi3-macosx_10_9_intel.whl", hash = "sha256:1b9b535d6b55936a79dbe4990b64bb16048f48747c76c29713fea8c50eca2acf"},
    {file = "cryptography-2.9-cp35-abi3-manylinux1_x86_64.whl", hash = "sha256:7a279f33a081d436e90e91d1a7c338553c04e464de1c9302311a5e7e4b746088"},
    {file = "cryptography-2.9-cp35-abi3-manylinux2010_x86_64.whl", hash = "sha256:49870684da168b90110bbaf86140d4681032c5e6a2461adc7afdd93be5634216"},
    {file = "cryptography-2.9-cp35-cp35m-win32.whl", hash = "sha256:6b91cab3841b4c7cb70e4db1697c69f036c8bc0a253edc0baa6783154f1301e4"},
    {file = "cryptography-2.9-cp35-cp35m-win_amd64.whl", hash = "sha256:587f98ce27ac4547177a0c6fe0986b8736058daffe9160dcf5f1bd411b7fbaa1"},
    {file = "cryptography-2.9-cp36-cp36m-win32.whl", hash = "sha256:cc20316e3f5a6b582fc3b029d8dc03aabeb645acfcb7fc1d9848841a33265748"},
    {file = "cryptography-2.9-cp36-cp36m-win_amd64.whl", hash = "sha256:3be7a5722d5bfe69894d3f7bbed15547b17619f3a88a318aab2e37f457524164"},
    {file = "cryptography-2.9-cp37-cp37m-win32.whl", hash = "sha256:7598974f6879a338c785c513e7c5a4329fbc58b9f6b9a6305035fca5b1076552"},
    {file = "cryptography-2.9-cp37-cp37m-win_amd64.whl", hash = "sha256:5aca6f00b2f42546b9bdf11a69f248d1881212ce5b9e2618b04935b87f6f82a1"},
    {file = "cryptography-2.9-cp38-cp38-win32.whl", hash = "sha256:9fc9da390e98cb6975eadf251b6e5fa088820141061bf041cd5c72deba1dc526"},
    {file = "cryptography-2.9-cp38-cp38-win_amd64.whl", hash = "sha256:6b744039b55988519cc183149cceb573189b3e46e16ccf6f8c46798bb767c9dc"},
    {file = "cryptography-2.9.tar.gz", hash = "sha256:0cacd3ef5c604b8e5f59bf2582c076c98a37fe206b31430d0cd08138aff0986e"},
]
distlib = [
    {file = "distlib-0.3.0.zip", hash = "sha256:2e166e231a26b36d6dfe35a48c4464346620f8645ed0ace01ee31822b288de21"},
]
docutils = [
    {file = "docutils-0.16-py2.py3-none-any.whl", hash = "sha256:0c5b78adfbf7762415433f5515cd5c9e762339e23369dbe8000d84a4bf4ab3af"},
    {file = "docutils-0.16.tar.gz", hash = "sha256:c2de3a60e9e7d07be26b7f2b00ca0309c207e06c100f9cc2a94931fc75a478fc"},
]
filelock = [
    {file = "filelock-3.0.12-py3-none-any.whl", hash = "sha256:929b7d63ec5b7d6b71b0fa5ac14e030b3f70b75747cef1b10da9b879fef15836"},
    {file = "filelock-3.0.12.tar.gz", hash = "sha256:18d82244ee114f543149c66a6e0c14e9c4f8a1044b5cdaadd0f82159d6a6ff59"},
]
idna = [
    {file = "idna-2.9-py2.py3-none-any.whl", hash = "sha256:a068a21ceac8a4d63dbfd964670474107f541babbd2250d61922f029858365fa"},
    {file = "idna-2.9.tar.gz", hash = "sha256:7588d1c14ae4c77d74036e8c22ff447b26d0fde8f007354fd48a7814db15b7cb"},
]
jeepney = [
    {file = "jeepney-0.4.3-py3-none-any.whl", hash = "sha256:d6c6b49683446d2407d2fe3acb7a368a77ff063f9182fe427da15d622adc24cf"},
    {file = "jeepney-0.4.3.tar.gz", hash = "sha256:3479b861cc2b6407de5188695fa1a8d57e5072d7059322469b62628869b8e36e"},
]
keyring = [
    {file = "keyring-21.2.0-py3-none-any.whl", hash = "sha256:8179b1cdcdcbc221456b5b74e6b7cfa06f8dd9f239eb81892166d9223d82c5ba"},
    {file = "keyring-21.2.0.tar.gz", hash = "sha256:197fd5903901030ef7b82fe247f43cfed2c157a28e7747d1cfcf4bc5e699dd03"},
]
more-itertools = [
    {file = "more-itertools-8.2.0.tar.gz", hash = "sha256:b1ddb932186d8a6ac451e1d95844b382f55e12686d51ca0c68b6f61f2ab7a507"},
    {file = "more_itertools-8.2.0-py3-none-any.whl", hash = "sha256:5dd8bcf33e5f9513ffa06d5ad33d78f31e1931ac9a18f33d37e77a180d393a7c"},
]
packaging = [
    {file = "packaging-20.3-py2.py3-none-any.whl", hash = "sha256:82f77b9bee21c1bafbf35a84905d604d5d1223801d639cf3ed140bd651c08752"},
    {file = "packaging-20.3.tar.gz", hash = "sha256:3c292b474fda1671ec57d46d739d072bfd495a4f51ad01a055121d81e952b7a3"},
]
pathspec = [
    {file = "pathspec-0.8.0-py2.py3-none-any.whl", hash = "sha256:7d91249d21749788d07a2d0f94147accd8f845507400749ea19c1ec9054a12b0"},
    {file = "pathspec-0.8.0.tar.gz", hash = "sha256:da45173eb3a6f2a5a487efba21f050af2b41948be6ab52b6a1e3ff22bb8b7061"},
]
pkginfo = [
    {file = "pkginfo-1.5.0.1-py2.py3-none-any.whl", hash = "sha256:a6d9e40ca61ad3ebd0b72fbadd4fba16e4c0e4df0428c041e01e06eb6ee71f32"},
    {file = "pkginfo-1.5.0.1.tar.gz", hash = "sha256:7424f2c8511c186cd5424bbf31045b77435b37a8d604990b79d4e70d741148bb"},
]
pluggy = [
    {file = "pluggy-0.13.1-py2.py3-none-any.whl", hash = "sha256:966c145cd83c96502c3c3868f50408687b38434af77734af1e9ca461a4081d2d"},
    {file = "pluggy-0.13.1.tar.gz", hash = "sha256:15b2acde666561e1298d71b523007ed7364de07029219b604cf808bfa1c765b0"},
]
py = [
    {file = "py-1.8.1-py2.py3-none-any.whl", hash = "sha256:c20fdd83a5dbc0af9efd622bee9a5564e278f6380fffcacc43ba6f43db2813b0"},
    {file = "py-1.8.1.tar.gz", hash = "sha256:5e27081401262157467ad6e7f851b7aa402c5852dbcb3dae06768434de5752aa"},
]
pycparser = [
    {file = "pycparser-2.20-py2.py3-none-any.whl", hash = "sha256:7582ad22678f0fcd81102833f60ef8d0e57288b6b5fb00323d101be910e35705"},
    {file = "pycparser-2.20.tar.gz", hash = "sha256:2d475327684562c3a96cc71adf7dc8c4f0565175cf86b6d7a404ff4c771f15f0"},
]
pygments = [
    {file = "Pygments-2.6.1-py3-none-any.whl", hash = "sha256:ff7a40b4860b727ab48fad6360eb351cc1b33cbf9b15a0f689ca5353e9463324"},
    {file = "Pygments-2.6.1.tar.gz", hash = "sha256:647344a061c249a3b74e230c739f434d7ea4d8b1d5f3721bc0f3558049b38f44"},
]
pyparsing = [
    {file = "pyparsing-2.4.7-py2.py3-none-any.whl", hash = "sha256:ef9d7589ef3c200abe66653d3f1ab1033c3c419ae9b9bdb1240a85b024efc88b"},
    {file = "pyparsing-2.4.7.tar.gz", hash = "sha256:c203ec8783bf771a155b207279b9bccb8dea02d8f0c9e5f8ead507bc3246ecc1"},
]
pytest = [
    {file = "pytest-5.4.1-py3-none-any.whl", hash = "sha256:0e5b30f5cb04e887b91b1ee519fa3d89049595f428c1db76e73bd7f17b09b172"},
    {file = "pytest-5.4.1.tar.gz", hash = "sha256:84dde37075b8805f3d1f392cc47e38a0e59518fb46a431cfdaf7cf1ce805f970"},
]
pywin32-ctypes = [
    {file = "pywin32-ctypes-0.2.0.tar.gz", hash = "sha256:24ffc3b341d457d48e8922352130cf2644024a4ff09762a2261fd34c36ee5942"},
    {file = "pywin32_ctypes-0.2.0-py2.py3-none-any.whl", hash = "sha256:9dc2d991b3479cc2df15930958b674a48a227d5361d413827a4cfd0b5876fc98"},
]
readme-renderer = [
    {file = "readme_renderer-25.0-py2.py3-none-any.whl", hash = "sha256:1b6d8dd1673a0b293766b4106af766b6eff3654605f9c4f239e65de6076bc222"},
    {file = "readme_renderer-25.0.tar.gz", hash = "sha256:e67d64242f0174a63c3b727801a2fff4c1f38ebe5d71d95ff7ece081945a6cd4"},
]
regex = [
    {file = "regex-2020.4.4-cp27-cp27m-win32.whl", hash = "sha256:90742c6ff121a9c5b261b9b215cb476eea97df98ea82037ec8ac95d1be7a034f"},
    {file = "regex-2020.4.4-cp27-cp27m-win_amd64.whl", hash = "sha256:24f4f4062eb16c5bbfff6a22312e8eab92c2c99c51a02e39b4eae54ce8255cd1"},
    {file = "regex-2020.4.4-cp36-cp36m-manylinux1_i686.whl", hash = "sha256:08119f707f0ebf2da60d2f24c2f39ca616277bb67ef6c92b72cbf90cbe3a556b"},
    {file = "regex-2020.4.4-cp36-cp36m-manylinux1_x86_64.whl", hash = "sha256:c9423a150d3a4fc0f3f2aae897a59919acd293f4cb397429b120a5fcd96ea3db"},
    {file = "regex-2020.4.4-cp36-cp36m-manylinux2010_i686.whl", hash = "sha256:c087bff162158536387c53647411db09b6ee3f9603c334c90943e97b1052a156"},
    {file = "regex-2020.4.4-cp36-cp36m-manylinux2010_x86_64.whl", hash = "sha256:1cbe0fa0b7f673400eb29e9ef41d4f53638f65f9a2143854de6b1ce2899185c3"},
    {file = "regex-2020.4.4-cp36-cp36m-win32.whl", hash = "sha256:0ce9537396d8f556bcfc317c65b6a0705320701e5ce511f05fc04421ba05b8a8"},
    {file = "regex-2020.4.4-cp36-cp36m-win_amd64.whl", hash = "sha256:7e1037073b1b7053ee74c3c6c0ada80f3501ec29d5f46e42669378eae6d4405a"},
    {file = "regex-2020.4.4-cp37-cp37m-manylinux1_i686.whl", hash = "sha256:4385f12aa289d79419fede43f979e372f527892ac44a541b5446617e4406c468"},
    {file = "regex-2020.4.4-cp37-cp37m-manylinux1_x86_64.whl", hash = "sha256:a58dd45cb865be0ce1d5ecc4cfc85cd8c6867bea66733623e54bd95131f473b6"},
    {file = "regex-2020.4.4-cp37-cp37m-manylinux2010_i686.whl", hash = "sha256:ccccdd84912875e34c5ad2d06e1989d890d43af6c2242c6fcfa51556997af6cd"},
    {file = "regex-2020.4.4-cp37-cp37m-manylinux2010_x86_64.whl", hash = "sha256:ea4adf02d23b437684cd388d557bf76e3afa72f7fed5bbc013482cc00c816948"},
    {file = "regex-2020.4.4-cp37-cp37m-win32.whl", hash = "sha256:2294f8b70e058a2553cd009df003a20802ef75b3c629506be20687df0908177e"},
    {file = "regex-2020.4.4-cp37-cp37m-win_amd64.whl", hash = "sha256:e91ba11da11cf770f389e47c3f5c30473e6d85e06d7fd9dcba0017d2867aab4a"},
    {file = "regex-2020.4.4-cp38-cp38-manylinux1_i686.whl", hash = "sha256:5635cd1ed0a12b4c42cce18a8d2fb53ff13ff537f09de5fd791e97de27b6400e"},
    {file = "regex-2020.4.4-cp38-cp38-manylinux1_x86_64.whl", hash = "sha256:23069d9c07e115537f37270d1d5faea3e0bdded8279081c4d4d607a2ad393683"},
    {file = "regex-2020.4.4-cp38-cp38-manylinux2010_i686.whl", hash = "sha256:c162a21e0da33eb3d31a3ac17a51db5e634fc347f650d271f0305d96601dc15b"},
    {file = "regex-2020.4.4-cp38-cp38-manylinux2010_x86_64.whl", hash = "sha256:fb95debbd1a824b2c4376932f2216cc186912e389bdb0e27147778cf6acb3f89"},
    {file = "regex-2020.4.4-cp38-cp38-win32.whl", hash = "sha256:2a3bf8b48f8e37c3a40bb3f854bf0121c194e69a650b209628d951190b862de3"},
    {file = "regex-2020.4.4-cp38-cp38-win_amd64.whl", hash = "sha256:5bfed051dbff32fd8945eccca70f5e22b55e4148d2a8a45141a3b053d6455ae3"},
    {file = "regex-2020.4.4.tar.gz", hash = "sha256:295badf61a51add2d428a46b8580309c520d8b26e769868b922750cf3ce67142"},
]
requests = [
    {file = "requests-2.23.0-py2.py3-none-any.whl", hash = "sha256:43999036bfa82904b6af1d99e4882b560e5e2c68e5c4b0aa03b655f3d7d73fee"},
    {file = "requests-2.23.0.tar.gz", hash = "sha256:b3f43d496c6daba4493e7c431722aeb7dbc6288f52a6e04e7b6023b0247817e6"},
]
requests-toolbelt = [
    {file = "requests-toolbelt-0.9.1.tar.gz", hash = "sha256:968089d4584ad4ad7c171454f0a5c6dac23971e9472521ea3b6d49d610aa6fc0"},
    {file = "requests_toolbelt-0.9.1-py2.py3-none-any.whl", hash = "sha256:380606e1d10dc85c3bd47bf5a6095f815ec007be7a8b69c878507068df059e6f"},
]
secretstorage = [
    {file = "SecretStorage-3.1.2-py3-none-any.whl", hash = "sha256:b5ec909dde94d4ae2fa26af7c089036997030f0cf0a5cb372b4cccabd81c143b"},
    {file = "SecretStorage-3.1.2.tar.gz", hash = "sha256:15da8a989b65498e29be338b3b279965f1b8f09b9668bd8010da183024c8bff6"},
]
simplejson = [
    {file = "simplejson-3.17.0-cp27-cp27m-macosx_10_13_x86_64.whl", hash = "sha256:87d349517b572964350cc1adc5a31b493bbcee284505e81637d0174b2758ba17"},
    {file = "simplejson-3.17.0-cp27-cp27m-win32.whl", hash = "sha256:1d1e929cdd15151f3c0b2efe953b3281b2fd5ad5f234f77aca725f28486466f6"},
    {file = "simplejson-3.17.0-cp27-cp27m-win_amd64.whl", hash = "sha256:1ea59f570b9d4916ae5540a9181f9c978e16863383738b69a70363bc5e63c4cb"},
    {file = "simplejson-3.17.0-cp33-cp33m-win32.whl", hash = "sha256:8027bd5f1e633eb61b8239994e6fc3aba0346e76294beac22a892eb8faa92ba1"},
    {file = "simplejson-3.17.0-cp33-cp33m-win_amd64.whl", hash = "sha256:22a7acb81968a7c64eba7526af2cf566e7e2ded1cb5c83f0906b17ff1540f866"},
    {file = "simplejson-3.17.0-cp34-cp34m-win32.whl", hash = "sha256:17163e643dbf125bb552de17c826b0161c68c970335d270e174363d19e7ea882"},
    {file = "simplejson-3.17.0-cp34-cp34m-win_amd64.whl", hash = "sha256:0fe3994207485efb63d8f10a833ff31236ed27e3b23dadd0bf51c9900313f8f2"},
    {file = "simplejson-3.17.0-cp35-cp35m-win32.whl", hash = "sha256:4cf91aab51b02b3327c9d51897960c554f00891f9b31abd8a2f50fd4a0071ce8"},
    {file = "simplejson-3.17.0-cp35-cp35m-win_amd64.whl", hash = "sha256:fc9051d249dd5512e541f20330a74592f7a65b2d62e18122ca89bf71f94db748"},
    {file = "simplejson-3.17.0-cp36-cp36m-macosx_10_13_x86_64.whl", hash = "sha256:86afc5b5cbd42d706efd33f280fec7bd7e2772ef54e3f34cf6b30777cd19a614"},
    {file = "simplejson-3.17.0-cp36-cp36m-win32.whl", hash = "sha256:926bcbef9eb60e798eabda9cd0bbcb0fca70d2779aa0aa56845749d973eb7ad5"},
    {file = "simplejson-3.17.0-cp36-cp36m-win_amd64.whl", hash = "sha256:daaf4d11db982791be74b23ff4729af2c7da79316de0bebf880fa2d60bcc8c5a"},
    {file = "simplejson-3.17.0-cp37-cp37m-macosx_10_14_x86_64.whl", hash = "sha256:9a126c3a91df5b1403e965ba63b304a50b53d8efc908a8c71545ed72535374a3"},
    {file = "simplejson-3.17.0-cp37-cp37m-win32.whl", hash = "sha256:fc046afda0ed8f5295212068266c92991ab1f4a50c6a7144b69364bdee4a0159"},
    {file = "simplejson-3.17.0-cp37-cp37m-win_amd64.whl", hash = "sha256:7cce4bac7e0d66f3a080b80212c2238e063211fe327f98d764c6acbc214497fc"},
    {file = "simplejson-3.17.0.tar.gz", hash = "sha256:2b4b2b738b3b99819a17feaf118265d0753d5536049ea570b3c43b51c4701e81"},
    {file = "simplejson-3.17.0.win-amd64-py2.7.exe", hash = "sha256:1d346c2c1d7dd79c118f0cc7ec5a1c4127e0c8ffc83e7b13fc5709ff78c9bb84"},
    {file = "simplejson-3.17.0.win-amd64-py3.3.exe", hash = "sha256:5cfd495527f8b85ce21db806567de52d98f5078a8e9427b18e251c68bd573a26"},
    {file = "simplejson-3.17.0.win-amd64-py3.4.exe", hash = "sha256:8de378d589eccbc75941e480b4d5b4db66f22e4232f87543b136b1f093fff342"},
    {file = "simplejson-3.17.0.win-amd64-py3.5.exe", hash = "sha256:f4b64a1031acf33e281fd9052336d6dad4d35eee3404c95431c8c6bc7a9c0588"},
    {file = "simplejson-3.17.0.win-amd64-py3.6.exe", hash = "sha256:ad8dd3454d0c65c0f92945ac86f7b9efb67fa2040ba1b0189540e984df904378"},
    {file = "simplejson-3.17.0.win-amd64-py3.7.exe", hash = "sha256:229edb079d5dd81bf12da952d4d825bd68d1241381b37d3acf961b384c9934de"},
    {file = "simplejson-3.17.0.win32-py2.7.exe", hash = "sha256:4fd5f79590694ebff8dc980708e1c182d41ce1fda599a12189f0ca96bf41ad70"},
    {file = "simplejson-3.17.0.win32-py3.3.exe", hash = "sha256:d140e9376e7f73c1f9e0a8e3836caf5eec57bbafd99259d56979da05a6356388"},
    {file = "simplejson-3.17.0.win32-py3.4.exe", hash = "sha256:da00675e5e483ead345429d4f1374ab8b949fba4429d60e71ee9d030ced64037"},
    {file = "simplejson-3.17.0.win32-py3.5.exe", hash = "sha256:7739940d68b200877a15a5ff5149e1599737d6dd55e302625650629350466418"},
    {file = "simplejson-3.17.0.win32-py3.6.exe", hash = "sha256:60aad424e47c5803276e332b2a861ed7a0d46560e8af53790c4c4fb3420c26c2"},
    {file = "simplejson-3.17.0.win32-py3.7.exe", hash = "sha256:1fbba86098bbfc1f85c5b69dc9a6d009055104354e0d9880bb00b692e30e0078"},
]
six = [
    {file = "six-1.14.0-py2.py3-none-any.whl", hash = "sha256:8f3cd2e254d8f793e7f3d6d9df77b92252b52637291d0f0da013c76ea2724b6c"},
    {file = "six-1.14.0.tar.gz", hash = "sha256:236bdbdce46e6e6a3d61a337c0f8b763ca1e8717c03b369e87a7ec7ce1319c0a"},
]
toml = [
    {file = "toml-0.10.0-py2.7.egg", hash = "sha256:f1db651f9657708513243e61e6cc67d101a39bad662eaa9b5546f789338e07a3"},
    {file = "toml-0.10.0-py2.py3-none-any.whl", hash = "sha256:235682dd292d5899d361a811df37e04a8828a5b1da3115886b73cf81ebc9100e"},
    {file = "toml-0.10.0.tar.gz", hash = "sha256:229f81c57791a41d65e399fc06bf0848bab550a9dfd5ed66df18ce5f05e73d5c"},
]
tox = [
    {file = "tox-3.14.6-py2.py3-none-any.whl", hash = "sha256:b2c4b91c975ea5c11463d9ca00bebf82654439c5df0f614807b9bdec62cc9471"},
    {file = "tox-3.14.6.tar.gz", hash = "sha256:a4a6689045d93c208d77230853b28058b7513f5123647b67bf012f82fa168303"},
]
tox-pyenv = [
    {file = "tox-pyenv-1.1.0.tar.gz", hash = "sha256:916c2213577aec0b3b5452c5bfb32fd077f3a3196f50a81ad57d7ef3fc2599e4"},
    {file = "tox_pyenv-1.1.0-py2.py3-none-any.whl", hash = "sha256:e470c18af115fe52eeff95e7e3cdd0793613eca19709966fc2724b79d55246cb"},
]
tqdm = [
    {file = "tqdm-4.45.0-py2.py3-none-any.whl", hash = "sha256:ea9e3fd6bd9a37e8783d75bfc4c1faf3c6813da6bd1c3e776488b41ec683af94"},
    {file = "tqdm-4.45.0.tar.gz", hash = "sha256:00339634a22c10a7a22476ee946bbde2dbe48d042ded784e4d88e0236eca5d81"},
]
twine = [
    {file = "twine-3.1.1-py3-none-any.whl", hash = "sha256:c1af8ca391e43b0a06bbc155f7f67db0bf0d19d284bfc88d1675da497a946124"},
    {file = "twine-3.1.1.tar.gz", hash = "sha256:d561a5e511f70275e5a485a6275ff61851c16ffcb3a95a602189161112d9f160"},
]
typed-ast = [
    {file = "typed_ast-1.4.1-cp35-cp35m-manylinux1_i686.whl", hash = "sha256:73d785a950fc82dd2a25897d525d003f6378d1cb23ab305578394694202a58c3"},
    {file = "typed_ast-1.4.1-cp35-cp35m-manylinux1_x86_64.whl", hash = "sha256:aaee9905aee35ba5905cfb3c62f3e83b3bec7b39413f0a7f19be4e547ea01ebb"},
    {file = "typed_ast-1.4.1-cp35-cp35m-win32.whl", hash = "sha256:0c2c07682d61a629b68433afb159376e24e5b2fd4641d35424e462169c0a7919"},
    {file = "typed_ast-1.4.1-cp35-cp35m-win_amd64.whl", hash = "sha256:4083861b0aa07990b619bd7ddc365eb7fa4b817e99cf5f8d9cf21a42780f6e01"},
    {file = "typed_ast-1.4.1-cp36-cp36m-macosx_10_9_x86_64.whl", hash = "sha256:269151951236b0f9a6f04015a9004084a5ab0d5f19b57de779f908621e7d8b75"},
    {file = "typed_ast-1.4.1-cp36-cp36m-manylinux1_i686.whl", hash = "sha256:24995c843eb0ad11a4527b026b4dde3da70e1f2d8806c99b7b4a7cf491612652"},
    {file = "typed_ast-1.4.1-cp36-cp36m-manylinux1_x86_64.whl", hash = "sha256:fe460b922ec15dd205595c9b5b99e2f056fd98ae8f9f56b888e7a17dc2b757e7"},
    {file = "typed_ast-1.4.1-cp36-cp36m-win32.whl", hash = "sha256:4e3e5da80ccbebfff202a67bf900d081906c358ccc3d5e3c8aea42fdfdfd51c1"},
    {file = "typed_ast-1.4.1-cp36-cp36m-win_amd64.whl", hash = "sha256:249862707802d40f7f29f6e1aad8d84b5aa9e44552d2cc17384b209f091276aa"},
    {file = "typed_ast-1.4.1-cp37-cp37m-macosx_10_9_x86_64.whl", hash = "sha256:8ce678dbaf790dbdb3eba24056d5364fb45944f33553dd5869b7580cdbb83614"},
    {file = "typed_ast-1.4.1-cp37-cp37m-manylinux1_i686.whl", hash = "sha256:c9e348e02e4d2b4a8b2eedb48210430658df6951fa484e59de33ff773fbd4b41"},
    {file = "typed_ast-1.4.1-cp37-cp37m-manylinux1_x86_64.whl", hash = "sha256:bcd3b13b56ea479b3650b82cabd6b5343a625b0ced5429e4ccad28a8973f301b"},
    {file = "typed_ast-1.4.1-cp37-cp37m-win32.whl", hash = "sha256:d5d33e9e7af3b34a40dc05f498939f0ebf187f07c385fd58d591c533ad8562fe"},
    {file = "typed_ast-1.4.1-cp37-cp37m-win_amd64.whl", hash = "sha256:0666aa36131496aed8f7be0410ff974562ab7eeac11ef351def9ea6fa28f6355"},
    {file = "typed_ast-1.4.1-cp38-cp38-macosx_10_15_x86_64.whl", hash = "sha256:d205b1b46085271b4e15f670058ce182bd1199e56b317bf2ec004b6a44f911f6"},
    {file = "typed_ast-1.4.1-cp38-cp38-manylinux1_i686.whl", hash = "sha256:6daac9731f172c2a22ade6ed0c00197ee7cc1221aa84cfdf9c31defeb059a907"},
    {file = "typed_ast-1.4.1-cp38-cp38-manylinux1_x86_64.whl", hash = "sha256:498b0f36cc7054c1fead3d7fc59d2150f4d5c6c56ba7fb150c013fbc683a8d2d"},
    {file = "typed_ast-1.4.1-cp38-cp38-win32.whl", hash = "sha256:715ff2f2df46121071622063fc7543d9b1fd19ebfc4f5c8895af64a77a8c852c"},
    {file = "typed_ast-1.4.1-cp38-cp38-win_amd64.whl", hash = "sha256:fc0fea399acb12edbf8a628ba8d2312f583bdbdb3335635db062fa98cf71fca4"},
    {file = "typed_ast-1.4.1-cp39-cp39-macosx_10_15_x86_64.whl", hash = "sha256:d43943ef777f9a1c42bf4e552ba23ac77a6351de620aa9acf64ad54933ad4d34"},
    {file = "typed_ast-1.4.1.tar.gz", hash = "sha256:8c8aaad94455178e3187ab22c8b01a3837f8ee50e09cf31f1ba129eb293ec30b"},
]
urllib3 = [
    {file = "urllib3-1.25.9-py2.py3-none-any.whl", hash = "sha256:88206b0eb87e6d677d424843ac5209e3fb9d0190d0ee169599165ec25e9d9115"},
    {file = "urllib3-1.25.9.tar.gz", hash = "sha256:3018294ebefce6572a474f0604c2021e33b3fd8006ecd11d62107a5d2a963527"},
]
virtualenv = [
    {file = "virtualenv-20.0.18-py2.py3-none-any.whl", hash = "sha256:5021396e8f03d0d002a770da90e31e61159684db2859d0ba4850fbea752aa675"},
    {file = "virtualenv-20.0.18.tar.gz", hash = "sha256:ac53ade75ca189bc97b6c1d9ec0f1a50efe33cbf178ae09452dcd9fd309013c1"},
]
wcwidth = [
    {file = "wcwidth-0.1.9-py2.py3-none-any.whl", hash = "sha256:cafe2186b3c009a04067022ce1dcd79cb38d8d65ee4f4791b8888d6599d1bbe1"},
    {file = "wcwidth-0.1.9.tar.gz", hash = "sha256:ee73862862a156bf77ff92b09034fc4825dd3af9cf81bc5b360668d425f3c5f1"},
]
webencodings = [
    {file = "webencodings-0.5.1-py2.py3-none-any.whl", hash = "sha256:a0af1213f3c2226497a97e2b3aa01a7e4bee4f403f95be16fc9acd2947514a78"},
    {file = "webencodings-0.5.1.tar.gz", hash = "sha256:b36a1c245f2d304965eb4e0a82848379241dc04b865afcc4aab16748587e1923"},
]
